
Microsoft Visual Studio Solution File, Format Version 12.00
# Visual Studio Version 17
VisualStudioVersion = 17.0.31903.59
MinimumVisualStudioVersion = 10.0.40219.1
Project("{9A19103F-16F7-4668-BE54-9A1E7A4F7556}") = "OrderService", "OrderService\OrderService.csproj", "{45D7485B-B0AE-4C7B-8A29-781E7A55E7C1}"
EndProject
Project("{9A19103F-16F7-4668-BE54-9A1E7A4F7556}") = "StockService", "StockService\StockService.csproj", "{8379D9B3-DC74-4740-80CA-5184CDFAB32E}"
EndProject
Project("{9A19103F-16F7-4668-BE54-9A1E7A4F7556}") = "NotificationService", "NotificationService\NotificationService.csproj", "{5BB21DB0-FDA3-4C31-9DC8-1FE797B89FF4}"
EndProject
Project("{E53339B2-1760-4266-BCC7-CA923CBCF16C}") = "docker-compose", "docker-compose.dcproj", "{670A9B56-0177-4B7C-92C8-ABEF351CFADA}"
EndProject
Global
	GlobalSection(SolutionConfigurationPlatforms) = preSolution
		Debug|Any CPU = Debug|Any CPU
		Release|Any CPU = Release|Any CPU
	EndGlobalSection
	GlobalSection(ProjectConfigurationPlatforms) = postSolution
		{45D7485B-B0AE-4C7B-8A29-781E7A55E7C1}.Debug|Any CPU.ActiveCfg = Debug|Any CPU
		{45D7485B-B0AE-4C7B-8A29-781E7A55E7C1}.Debug|Any CPU.Build.0 = Debug|Any CPU
		{45D7485B-B0AE-4C7B-8A29-781E7A55E7C1}.Release|Any CPU.ActiveCfg = Release|Any CPU
		{45D7485B-B0AE-4C7B-8A29-781E7A55E7C1}.Release|Any CPU.Build.0 = Release|Any CPU
		{8379D9B3-DC74-4740-80CA-5184CDFAB32E}.Debug|Any CPU.ActiveCfg = Debug|Any CPU
		{8379D9B3-DC74-4740-80CA-5184CDFAB32E}.Debug|Any CPU.Build.0 = Debug|Any CPU
		{8379D9B3-DC74-4740-80CA-5184CDFAB32E}.Release|Any CPU.ActiveCfg = Release|Any CPU
		{8379D9B3-DC74-4740-80CA-5184CDFAB32E}.Release|Any CPU.Build.0 = Release|Any CPU
		{5BB21DB0-FDA3-4C31-9DC8-1FE797B89FF4}.Debug|Any CPU.ActiveCfg = Debug|Any CPU
		{5BB21DB0-FDA3-4C31-9DC8-1FE797B89FF4}.Debug|Any CPU.Build.0 = Debug|Any CPU
		{5BB21DB0-FDA3-4C31-9DC8-1FE797B89FF4}.Release|Any CPU.ActiveCfg = Release|Any CPU
		{5BB21DB0-FDA3-4C31-9DC8-1FE797B89FF4}.Release|Any CPU.Build.0 = Release|Any CPU
		{670A9B56-0177-4B7C-92C8-ABEF351CFADA}.Debug|Any CPU.ActiveCfg = Debug|Any CPU
		{670A9B56-0177-4B7C-92C8-ABEF351CFADA}.Debug|Any CPU.Build.0 = Debug|Any CPU
		{670A9B56-0177-4B7C-92C8-ABEF351CFADA}.Release|Any CPU.ActiveCfg = Release|Any CPU
		{670A9B56-0177-4B7C-92C8-ABEF351CFADA}.Release|Any CPU.Build.0 = Release|Any CPU
	EndGlobalSection
	GlobalSection(SolutionProperties) = preSolution
		HideSolutionNode = FALSE
	EndGlobalSection
	GlobalSection(ExtensibilityGlobals) = postSolution
		SolutionGuid = {508D1F4D-E09E-4712-B3B6-DA9A6A8F31D2}
	EndGlobalSection
EndGlobal
